
Microsoft Visual Studio Solution File, Format Version 12.00
# Visual Studio Version 16
VisualStudioVersion = 16.0.29306.81
MinimumVisualStudioVersion = 10.0.40219.1
Project("{FAE04EC0-301F-11D3-BF4B-00C04F79EFBC}") = "neonrom3r", "neonrommer\neonrom3r.csproj", "{3BC0AC7E-3B3B-4D3F-9CC0-B2BDECC460A6}"
EndProject
Project("{9A19103F-16F7-4668-BE54-9A1E7A4F7556}") = "neonrom3r.forms", "neonrom3r-forms\neonrom3r-forms\neonrom3r.forms.csproj", "{9C2E05CC-6D6B-462C-AC7B-9EF5A1D6EAA6}"
EndProject
Global
	GlobalSection(SolutionConfigurationPlatforms) = preSolution
		Debug|Any CPU = Debug|Any CPU
		Release|Any CPU = Release|Any CPU
	EndGlobalSection
	GlobalSection(ProjectConfigurationPlatforms) = postSolution
		{3BC0AC7E-3B3B-4D3F-9CC0-B2BDECC460A6}.Debug|Any CPU.ActiveCfg = Debug|Any CPU
		{3BC0AC7E-3B3B-4D3F-9CC0-B2BDECC460A6}.Debug|Any CPU.Build.0 = Debug|Any CPU
		{3BC0AC7E-3B3B-4D3F-9CC0-B2BDECC460A6}.Debug|Any CPU.Deploy.0 = Debug|Any CPU
		{3BC0AC7E-3B3B-4D3F-9CC0-B2BDECC460A6}.Release|Any CPU.ActiveCfg = Release|Any CPU
		{3BC0AC7E-3B3B-4D3F-9CC0-B2BDECC460A6}.Release|Any CPU.Build.0 = Release|Any CPU
		{3BC0AC7E-3B3B-4D3F-9CC0-B2BDECC460A6}.Release|Any CPU.Deploy.0 = Release|Any CPU
		{9C2E05CC-6D6B-462C-AC7B-9EF5A1D6EAA6}.Debug|Any CPU.ActiveCfg = Debug|Any CPU
		{9C2E05CC-6D6B-462C-AC7B-9EF5A1D6EAA6}.Debug|Any CPU.Build.0 = Debug|Any CPU
		{9C2E05CC-6D6B-462C-AC7B-9EF5A1D6EAA6}.Release|Any CPU.ActiveCfg = Release|Any CPU
		{9C2E05CC-6D6B-462C-AC7B-9EF5A1D6EAA6}.Release|Any CPU.Build.0 = Release|Any CPU
	EndGlobalSection
	GlobalSection(SolutionProperties) = preSolution
		HideSolutionNode = FALSE
	EndGlobalSection
	GlobalSection(ExtensibilityGlobals) = postSolution
		SolutionGuid = {03BF91F3-A9ED-4DC0-BE52-B949268C85F2}
	EndGlobalSection
EndGlobal
